
Microsoft Visual Studio Solution File, Format Version 12.00
# Visual Studio Version 16
VisualStudioVersion = 16.0.30611.23
MinimumVisualStudioVersion = 10.0.40219.1
Project("{FAE04EC0-301F-11D3-BF4B-00C04F79EFBC}") = "WCFService", "WCFService\WCFService.csproj", "{94D086E8-15D6-413A-9B4B-C91ED440B4E8}"
EndProject
Project("{9A19103F-16F7-4668-BE54-9A1E7A4F7556}") = "WCFClientCore", "WCFClientCore\WCFClientCore.csproj", "{717C3526-256A-4168-98FF-579D26931B49}"
EndProject
Global
	GlobalSection(SolutionConfigurationPlatforms) = preSolution
		Debug|Any CPU = Debug|Any CPU
		Release|Any CPU = Release|Any CPU
	EndGlobalSection
	GlobalSection(ProjectConfigurationPlatforms) = postSolution
		{94D086E8-15D6-413A-9B4B-C91ED440B4E8}.Debug|Any CPU.ActiveCfg = Debug|Any CPU
		{94D086E8-15D6-413A-9B4B-C91ED440B4E8}.Debug|Any CPU.Build.0 = Debug|Any CPU
		{94D086E8-15D6-413A-9B4B-C91ED440B4E8}.Release|Any CPU.ActiveCfg = Release|Any CPU
		{94D086E8-15D6-413A-9B4B-C91ED440B4E8}.Release|Any CPU.Build.0 = Release|Any CPU
		{717C3526-256A-4168-98FF-579D26931B49}.Debug|Any CPU.ActiveCfg = Debug|Any CPU
		{717C3526-256A-4168-98FF-579D26931B49}.Debug|Any CPU.Build.0 = Debug|Any CPU
		{717C3526-256A-4168-98FF-579D26931B49}.Release|Any CPU.ActiveCfg = Release|Any CPU
		{717C3526-256A-4168-98FF-579D26931B49}.Release|Any CPU.Build.0 = Release|Any CPU
	EndGlobalSection
	GlobalSection(SolutionProperties) = preSolution
		HideSolutionNode = FALSE
	EndGlobalSection
	GlobalSection(ExtensibilityGlobals) = postSolution
		SolutionGuid = {F84A2288-8621-44CD-B7F1-934456A4A102}
	EndGlobalSection
EndGlobal
